version = 1
revision = 3
requires-python = ">=3.12"

[[package]]
name = "apscheduler"
version = "3.11.2"
source = { registry = "https://pypi.org/simple" }
dependencies = [
    { name = "tzlocal" },
]
sdist = { url = "https://files.pythonhosted.org/packages/07/12/3e4389e5920b4c1763390c6d371162f3784f86f85cd6d6c1bfe68eef14e2/apscheduler-3.11.2.tar.gz", hash = "sha256:2a9966b052ec805f020c8c4c3ae6e6a06e24b1bf19f2e11d91d8cca0473eef41", size = 108683, upload-time = "2025-12-22T00:39:34.884Z" }
wheels = [
    { url = "https://files.pythonhosted.org/packages/9f/64/2e54428beba8d9992aa478bb8f6de9e4ecaa5f8f513bcfd567ed7fb0262d/apscheduler-3.11.2-py3-none-any.whl", hash = "sha256:ce005177f741409db4e4dd40a7431b76feb856b9dd69d57e0da49d6715bfd26d", size = 64439, upload-time = "2025-12-22T00:39:33.303Z" },
]

[[package]]
name = "cashews"
version = "7.4.4"
source = { registry = "https://pypi.org/simple" }
sdist = { url = "https://files.pythonhosted.org/packages/8c/5d/26eb556824a7ac9e24f751645961d2078b7b15be105f7fc39eda5308896f/cashews-7.4.4.tar.gz", hash = "sha256:dca761c60192bfe354abd6e9eb98d6f62c817e675df3fbe7d1bdfaa4303d1320", size = 92948, upload-time = "2025-12-06T22:31:56.187Z" }
wheels = [
    { url = "https://files.pythonhosted.org/packages/bf/65/29d94c27dfa3cdb213ae62a328c6efe6cd37b888d334e90ecaa22eadafe9/cashews-7.4.4-py3-none-any.whl", hash = "sha256:d5b8fc3cb590ed388823388b972947fd5659e2a94109af107cb508a3240f5ef0", size = 79893, upload-time = "2025-12-06T22:31:53.918Z" },
]

[[package]]
name = "certifi"
version = "2026.2.25"
source = { registry = "https://pypi.org/simple" }
sdist = { url = "https://files.pythonhosted.org/packages/af/2d/7bf41579a8986e348fa033a31cdd0e4121114f6bce2457e8876010b092dd/certifi-2026.2.25.tar.gz", hash = "sha256:e887ab5cee78ea814d3472169153c2d12cd43b14bd03329a39a9c6e2e80bfba7", size = 155029, upload-time = "2026-02-25T02:54:17.342Z" }
wheels = [
    { url = "https://files.pythonhosted.org/packages/9a/3c/c17fb3ca2d9c3acff52e30b309f538586f9f5b9c9cf454f3845fc9af4881/certifi-2026.2.25-py3-none-any.whl", hash = "sha256:027692e4402ad994f1c42e52a4997a9763c646b73e4096e4d5d6db8af1d6f0fa", size = 153684, upload-time = "2026-02-25T02:54:15.766Z" },
]

[[package]]
name = "coloredlogs"
version = "15.0.1"
source = { registry = "https://pypi.org/simple" }
dependencies = [
    { name = "humanfriendly" },
]
sdist = { url = "https://files.pythonhosted.org/packages/cc/c7/eed8f27100517e8c0e6b923d5f0845d0cb99763da6fdee00478f91db7325/coloredlogs-15.0.1.tar.gz", hash = "sha256:7c991aa71a4577af2f82600d8f8f3a89f936baeaf9b50a9c197da014e5bf16b0", size = 278520, upload-time = "2021-06-11T10:22:45.202Z" }
wheels = [
    { url = "https://files.pythonhosted.org/packages/a7/06/3d6badcf13db419e25b07041d9c7b4a2c331d3f4e7134445ec5df57714cd/coloredlogs-15.0.1-py2.py3-none-any.whl", hash = "sha256:612ee75c546f53e92e70049c9dbfcc18c935a2b9a53b66085ce9ef6a6e5c0934", size = 46018, upload-time = "2021-06-11T10:22:42.561Z" },
]

[[package]]
name = "humanfriendly"
version = "10.0"
source = { registry = "https://pypi.org/simple" }
dependencies = [
    { name = "pyreadline3", marker = "sys_platform == 'win32'" },
]
sdist = { url = "https://files.pythonhosted.org/packages/cc/3f/2c29224acb2e2df4d2046e4c73ee2662023c58ff5b113c4c1adac0886c43/humanfriendly-10.0.tar.gz", hash = "sha256:6b0b831ce8f15f7300721aa49829fc4e83921a9a301cc7f606be6686a2288ddc", size = 360702, upload-time = "2021-09-17T21:40:43.31Z" }
wheels = [
    { url = "https://files.pythonhosted.org/packages/f0/0f/310fb31e39e2d734ccaa2c0fb981ee41f7bd5056ce9bc29b2248bd569169/humanfriendly-10.0-py2.py3-none-any.whl", hash = "sha256:1697e1a8a8f550fd43c2865cd84542fc175a61dcb779b6fee18cf6b6ccba1477", size = 86794, upload-time = "2021-09-17T21:40:39.897Z" },
]

[[package]]
name = "pyaes"
version = "1.6.1"
source = { registry = "https://pypi.org/simple" }
sdist = { url = "https://files.pythonhosted.org/packages/44/66/2c17bae31c906613795711fc78045c285048168919ace2220daa372c7d72/pyaes-1.6.1.tar.gz", hash = "sha256:02c1b1405c38d3c370b085fb952dd8bea3fadcee6411ad99f312cc129c536d8f", size = 28536, upload-time = "2017-09-20T21:17:54.23Z" }

[[package]]
name = "pyreadline3"
version = "3.5.4"
source = { registry = "https://pypi.org/simple" }
sdist = { url = "https://files.pythonhosted.org/packages/0f/49/4cea918a08f02817aabae639e3d0ac046fef9f9180518a3ad394e22da148/pyreadline3-3.5.4.tar.gz", hash = "sha256:8d57d53039a1c75adba8e50dd3d992b28143480816187ea5efbd5c78e6c885b7", size = 99839, upload-time = "2024-09-19T02:40:10.062Z" }
wheels = [
    { url = "https://files.pythonhosted.org/packages/5a/dc/491b7661614ab97483abf2056be1deee4dc2490ecbf7bff9ab5cdbac86e1/pyreadline3-3.5.4-py3-none-any.whl", hash = "sha256:eaf8e6cc3c49bcccf145fc6067ba8643d1df34d604a1ec0eccbf7a18e6d3fae6", size = 83178, upload-time = "2024-09-19T02:40:08.598Z" },
]

[[package]]
name = "pyrogram"
version = "2.0.153.dev13"
source = { git = "https://github.com/TeamPGM/pyrogram#fbf9582b933fd1a500d81bb0868007e74564dfde" }
dependencies = [
    { name = "pyaes" },
    { name = "pysocks" },
]

[[package]]
name = "pyrotgcrypto"
version = "1.2.7"
source = { registry = "https://pypi.org/simple" }
wheels = [
    { url = "https://files.pythonhosted.org/packages/c6/70/7776e2dcacd12048b0207137cac832305cbcc3ac760db90b74b863a02489/PyroTgCrypto-1.2.7-cp312-cp312-macosx_10_13_universal2.whl", hash = "sha256:75dac820a0ead43bbc8f134f741472d889318d32b4f587e13342a4f412b6e6c8", size = 59369, upload-time = "2024-09-19T15:45:45.877Z" },
    { url = "https://files.pythonhosted.org/packages/7f/c5/b52f8bc7e6be20e19391853e32dbc157fbc51ad994782e29468f1e7d4b83/PyroTgCrypto-1.2.7-cp312-cp312-macosx_10_13_x86_64.whl", hash = "sha256:3af1a29b6c7392abb060b53dcbdbfc213253b8f891d37dc2890151356ef8ece4", size = 43778, upload-time = "2024-09-19T15:45:46.746Z" },
    { url = "https://files.pythonhosted.org/packages/d9/db/466e35f980a2e0137fdce792b14b86e161da450c8abb996eaa0b6458a7d9/PyroTgCrypto-1.2.7-cp312-cp312-macosx_11_0_arm64.whl", hash = "sha256:5a09deeb201de18a7e3ed2b5fca2db421ad5c610d7b6db4a9b29d63df5dae6db", size = 43702, upload-time = "2024-09-19T15:45:47.726Z" },
    { url = "https://files.pythonhosted.org/packages/bb/3a/e97006ad557ee2a48ae64004e59a05f3a8e0643a0f069a739d4f012dd20a/PyroTgCrypto-1.2.7-cp312-cp312-manylinux_2_17_aarch64.manylinux2014_aarch64.whl", hash = "sha256:1306b9f0fbc77be8add4a6f3c68a9d1d005d1bdd970965b6936ca7419820afba", size = 62424, upload-time = "2024-09-19T15:45:48.591Z" },
    { url = "https://files.pythonhosted.org/packages/3b/70/c056100d741dd673174792fc8c7ef39f62afd21e7628cfaed4db290a5e4e/PyroTgCrypto-1.2.7-cp312-cp312-manylinux_2_17_x86_64.manylinux2014_x86_64.whl", hash = "sha256:bd99a80f8c104104e30a94a25e7e8c4f190891d3aceaa9f81983358b568c2438", size = 60296, upload-time = "2024-09-19T15:45:49.573Z" },
    { url = "https://files.pythonhosted.org/packages/49/c5/f8958d4f6ba0803f12cce26ed7f581443a7554d0e4688085047b1d44858a/PyroTgCrypto-1.2.7-cp312-cp312-manylinux_2_5_i686.manylinux1_i686.manylinux_2_17_i686.manylinux2014_i686.whl", hash = "sha256:ca1568499a7699c399a92b84775061ce5c617ad87c1e6e1180e01caf60f47c4d", size = 60036, upload-time = "2024-09-19T15:45:50.979Z" },
    { url = "https://files.pythonhosted.org/packages/94/30/b8d35f5005188b53b754d11e5f7511c17b5de649670b64d9bab99418460a/PyroTgCrypto-1.2.7-cp312-cp312-musllinux_1_2_aarch64.whl", hash = "sha256:8a7f7c20bb1136afeea3e760e7e07f352787c6f9a681cdeec1b8aad18805443a", size = 61362, upload-time = "2024-09-19T15:45:51.857Z" },
    { url = "https://files.pythonhosted.org/packages/fe/b7/3d7d4406e2dda658fffa4007074fd23962d443fb82f9e8c4fa9ba1bd74de/PyroTgCrypto-1.2.7-cp312-cp312-musllinux_1_2_i686.whl", hash = "sha256:fc384fc568f1fcdcfa3ae5b556898c9caa48f61a91ca39767cd52b420b7f1a44", size = 58343, upload-time = "2024-09-19T15:45:53.822Z" },
    { url = "https://files.pythonhosted.org/packages/d8/5f/320835dae0bf5ff8650ede7229cf336484da68c4f7ddeb62fb0358173dc0/PyroTgCrypto-1.2.7-cp312-cp312-musllinux_1_2_x86_64.whl", hash = "sha256:222a5c4a243d379db075105aed4f071a377b7dad7e8c02b4055b680033a4a57b", size = 60024, upload-time = "2024-09-19T15:45:54.706Z" },
    { url = "https://files.pythonhosted.org/packages/76/90/28390e74bf2afe812e29054a63bcf3e0fb697475c6bd45a1f31253c836d3/PyroTgCrypto-1.2.7-cp312-cp312-win32.whl", hash = "sha256:1eda8e08a39eead928285560029957a2cf4877da3e3cb233649da073a47dc9e8", size = 44969, upload-time = "2024-09-19T15:45:55.542Z" },
    { url = "https://files.pythonhosted.org/packages/91/35/0b0a0baab333959b2569244a5b94561351fa3cfdf16456ddc865e608b0b3/PyroTgCrypto-1.2.7-cp312-cp312-win_amd64.whl", hash = "sha256:8eff5b2f18fc03b2ddcfd702d9363cb064ee56b470816a5eb2421ee7881b67f4", size = 45565, upload-time = "2024-09-19T15:45:56.507Z" },
    { url = "https://files.pythonhosted.org/packages/c4/ee/458c3bc4fca6e1c8f982451d740641eb82221225a6fff144cea85ed9d643/PyroTgCrypto-1.2.7-cp313-cp313-macosx_10_13_universal2.whl", hash = "sha256:15ade101da138e520f48574e49ea7a44bab13275d019eb21feb5e9d718b6d65c", size = 59375, upload-time = "2024-09-19T15:45:57.375Z" },
    { url = "https://files.pythonhosted.org/packages/a9/21/12726646f0c9c1901b08505d7653518160b51c59230d6acbf86f11cf0a94/PyroTgCrypto-1.2.7-cp313-cp313-macosx_10_13_x86_64.whl", hash = "sha256:8418ecb1a51d484de79502da4b1d7587a32599cd18ef3834f228e04370b1be3e", size = 43790, upload-time = "2024-09-19T15:45:58.236Z" },
    { url = "https://files.pythonhosted.org/packages/9a/76/033822636b2db1627ac246e12d5cb77243c18bf476af616581a7d64f75de/PyroTgCrypto-1.2.7-cp313-cp313-macosx_11_0_arm64.whl", hash = "sha256:a75a8c9177bcd186d37b82ce9964009c8dcf0996626cb40d743f2fa32fc61bf8", size = 43704, upload-time = "2024-09-19T15:45:59.115Z" },
    { url = "https://files.pythonhosted.org/packages/2b/e4/9698c3de30d251412d6f4c9e410aec389050a5f6b0f393a8810fde6ca785/PyroTgCrypto-1.2.7-cp313-cp313-manylinux_2_17_aarch64.manylinux2014_aarch64.whl", hash = "sha256:5df7e330f0dfddbb2dae6bc9c8d0ac8acb8842383efe35590801ef247f25485c", size = 62351, upload-time = "2024-09-19T15:46:00.659Z" },
    { url = "https://files.pythonhosted.org/packages/3d/1c/df448df18f49a44dbccd0deb49a47ac7f8d348f408175472c74858636fa7/PyroTgCrypto-1.2.7-cp313-cp313-manylinux_2_17_x86_64.manylinux2014_x86_64.whl", hash = "sha256:ad37d19118656d6e6e0e7e4ff4b6f31247e892924ff1e4170c52d1db1fd22a96", size = 60208, upload-time = "2024-09-19T15:46:01.547Z" },
    { url = "https://files.pythonhosted.org/packages/a2/e6/5c42a13370e420b84ebc0168b10376eefa1a9107731380c38415a983bbfe/PyroTgCrypto-1.2.7-cp313-cp313-manylinux_2_5_i686.manylinux1_i686.manylinux_2_17_i686.manylinux2014_i686.whl", hash = "sha256:ce2b5ecfdd5e1609789e0ae479154661756d60c8c61beb7ed7660139f4fec1e4", size = 59967, upload-time = "2024-09-19T15:46:02.401Z" },
    { url = "https://files.pythonhosted.org/packages/aa/fc/0896f50242154e6f55c8bc7cbe9c95e35c97efb8fd8ede1ffb0b28d51237/PyroTgCrypto-1.2.7-cp313-cp313-musllinux_1_2_aarch64.whl", hash = "sha256:74446fa32f9a4da4bd95903ce73553d6c9e790d480bf4a99624e56279cbeb2dc", size = 61405, upload-time = "2024-09-19T15:46:03.285Z" },
    { url = "https://files.pythonhosted.org/packages/8c/88/d1603f1e8c607c269025e8be60580ab026af43ada0abda1d91236d59a3f4/PyroTgCrypto-1.2.7-cp313-cp313-musllinux_1_2_i686.whl", hash = "sha256:96814fc33194e5c9114110197690f81b8f60bb65eb0f492d81ba3f048f7d5d9f", size = 58388, upload-time = "2024-09-19T15:46:04.217Z" },
    { url = "https://files.pythonhosted.org/packages/75/ab/99533e115d24adc46e674e5dffe95c6678a2997b4e237aede93e47786e26/PyroTgCrypto-1.2.7-cp313-cp313-musllinux_1_2_x86_64.whl", hash = "sha256:c8775ebefcc3c25fa68f67126ceab6d8c38490e14249d4f80463faed2ae86612", size = 60096, upload-time = "2024-09-19T15:46:05.208Z" },
    { url = "https://files.pythonhosted.org/packages/11/dc/656b4b94cc1023268436bc928beabb5593ac8ffa41c4374f6cae8080dee9/PyroTgCrypto-1.2.7-cp313-cp313-win32.whl", hash = "sha256:ddcdb4ce089fe691bdca571d0a6661f6df8c1f5dbb6470e66ae43097457fcdb2", size = 44964, upload-time = "2024-09-19T15:46:06.116Z" },
    { url = "https://files.pythonhosted.org/packages/4f/f8/d754bbb06cce6223b39ebd2f0dc65744b73e004d8c845c083b853adcf8cc/PyroTgCrypto-1.2.7-cp313-cp313-win_amd64.whl", hash = "sha256:bba87c07da6f76fd70ce894abc9d5321c2339aebf7968877e3726f9710f98458", size = 45561, upload-time = "2024-09-19T15:46:07.001Z" },
    { url = "https://files.pythonhosted.org/packages/e1/5a/7fe2c673c838ad65fb2db8b509a50b2302a1f7553a7ba2f9e39b3642f230/pyrotgcrypto-1.2.7-cp314-cp314-macosx_10_13_universal2.whl", hash = "sha256:8bec2da9ce144741ae1fc46b2a421f8ad05bc4ae82c128791544a3bf45e83fbc", size = 59605, upload-time = "2025-10-08T13:28:31.581Z" },
    { url = "https://files.pythonhosted.org/packages/b6/9a/c8e3a625497a68b439f9e232e889f600ff73c7a7d9f46a3cd72f533ab4d4/pyrotgcrypto-1.2.7-cp314-cp314-macosx_10_13_x86_64.whl", hash = "sha256:edb13baf5e1386232e0d45588b49e04da014461d485de99edb3e660082db9299", size = 43948, upload-time = "2025-10-08T13:28:34.64Z" },
    { url = "https://files.pythonhosted.org/packages/3c/60/a25081876a577faf1b19199f788a0e25e690e92315da82e05020b76f5015/pyrotgcrypto-1.2.7-cp314-cp314-macosx_11_0_arm64.whl", hash = "sha256:5039e85918d5d271c7755378a6139b16a2cf3ccffc0dee5d74373c6253293e4e", size = 44076, upload-time = "2025-10-08T13:28:35.537Z" },
    { url = "https://files.pythonhosted.org/packages/0e/a4/a2515e27a6bfd9eb75dbc453cd08ffc99f0bfe2fcf748166405ef4ab46d7/pyrotgcrypto-1.2.7-cp314-cp314-manylinux2014_aarch64.manylinux_2_17_aarch64.manylinux_2_28_aarch64.whl", hash = "sha256:6f72478ef6e8ec10fca9ff67ac863d9f79afe4679ae8c8b491a393b3b88d2c50", size = 62248, upload-time = "2025-10-08T13:28:36.717Z" },
    { url = "https://files.pythonhosted.org/packages/59/df/dafc7cb98037e3830b36ff7c8ac75a87d8b83aac60f754a8eb3e99d5b844/pyrotgcrypto-1.2.7-cp314-cp314-manylinux2014_x86_64.manylinux_2_17_x86_64.manylinux_2_28_x86_64.whl", hash = "sha256:6d2642de01523ac82be719828da1f4f1c7c4c64a9842e4908b7da81f30e150f4", size = 60351, upload-time = "2025-10-08T13:28:37.895Z" },
    { url = "https://files.pythonhosted.org/packages/12/1f/bc976a05df245ba86ea692182d6b05baa9c4e3595002322a038ef4f08934/pyrotgcrypto-1.2.7-cp314-cp314-musllinux_1_2_aarch64.whl", hash = "sha256:291d2194daf6fb672c80cb6e01ec006a1a34978fb803b42eb68f7b30e127d7bf", size = 61740, upload-time = "2025-10-08T13:28:38.706Z" },
    { url = "https://files.pythonhosted.org/packages/74/1f/c4c826d3679cff9855ea858d2854aa50d77c2e82f1014c43e9d120349f9c/pyrotgcrypto-1.2.7-cp314-cp314-musllinux_1_2_x86_64.whl", hash = "sha256:dbd07211ded0e4dba07ca649d58d5788034a225d0b8bcb2988b7cf94a7baf6f9", size = 60529, upload-time = "2025-10-08T13:28:39.88Z" },
    { url = "https://files.pythonhosted.org/packages/25/4f/e3324a39d001df74ebbed3e61908712382d96ba76c0caedd5edf738e474e/pyrotgcrypto-1.2.7-cp314-cp314-win32.whl", hash = "sha256:81277ae7fcfd4387d21a70cacf38d016809938d660d0156c128c35792640883e", size = 47005, upload-time = "2025-10-08T13:28:40.687Z" },
    { url = "https://files.pythonhosted.org/packages/86/ab/0678e7e1a5424f8463e0fd48eca01882a0f5f5ca414ffbb7670f105978bc/pyrotgcrypto-1.2.7-cp314-cp314-win_amd64.whl", hash = "sha256:a81a8bb414689de9fc31f160c790e836d8ec4a3ee3c5e43563bf68b0e07c1d84", size = 47764, upload-time = "2025-10-08T13:28:41.52Z" },
]

[[package]]
name = "pysocks"
version = "1.7.1"
source = { registry = "https://pypi.org/simple" }
sdist = { url = "https://files.pythonhosted.org/packages/bd/11/293dd436aea955d45fc4e8a35b6ae7270f5b8e00b53cf6c024c83b657a11/PySocks-1.7.1.tar.gz", hash = "sha256:3f8804571ebe159c380ac6de37643bb4685970655d3bba243530d6558b799aa0", size = 284429, upload-time = "2019-09-20T02:07:35.714Z" }
wheels = [
    { url = "https://files.pythonhosted.org/packages/8d/59/b4572118e098ac8e46e399a1dd0f2d85403ce8bbaad9ec79373ed6badaf9/PySocks-1.7.1-py3-none-any.whl", hash = "sha256:2725bd0a9925919b9b51739eea5f9e2bae91e83288108a9ad338b2e3a4435ee5", size = 16725, upload-time = "2019-09-20T02:06:22.938Z" },
]

[[package]]
name = "pytz"
version = "2025.2"
source = { registry = "https://pypi.org/simple" }
sdist = { url = "https://files.pythonhosted.org/packages/f8/bf/abbd3cdfb8fbc7fb3d4d38d320f2441b1e7cbe29be4f23797b4a2b5d8aac/pytz-2025.2.tar.gz", hash = "sha256:360b9e3dbb49a209c21ad61809c7fb453643e048b38924c765813546746e81c3", size = 320884, upload-time = "2025-03-25T02:25:00.538Z" }
wheels = [
    { url = "https://files.pythonhosted.org/packages/81/c4/34e93fe5f5429d7570ec1fa436f1986fb1f00c3e0f43a589fe2bbcd22c3f/pytz-2025.2-py2.py3-none-any.whl", hash = "sha256:5ddf76296dd8c44c26eb8f4b6f35488f3ccbf6fbbd7adee0b7262d43f0ec2f00", size = 509225, upload-time = "2025-03-25T02:24:58.468Z" },
]

[[package]]
name = "pyyaml"
version = "6.0.3"
source = { registry = "https://pypi.org/simple" }
sdist = { url = "https://files.pythonhosted.org/packages/05/8e/961c0007c59b8dd7729d542c61a4d537767a59645b82a0b521206e1e25c2/pyyaml-6.0.3.tar.gz", hash = "sha256:d76623373421df22fb4cf8817020cbb7ef15c725b9d5e45f17e189bfc384190f", size = 130960, upload-time = "2025-09-25T21:33:16.546Z" }
wheels = [
    { url = "https://files.pythonhosted.org/packages/d1/33/422b98d2195232ca1826284a76852ad5a86fe23e31b009c9886b2d0fb8b2/pyyaml-6.0.3-cp312-cp312-macosx_10_13_x86_64.whl", hash = "sha256:7f047e29dcae44602496db43be01ad42fc6f1cc0d8cd6c83d342306c32270196", size = 182063, upload-time = "2025-09-25T21:32:11.445Z" },
    { url = "https://files.pythonhosted.org/packages/89/a0/6cf41a19a1f2f3feab0e9c0b74134aa2ce6849093d5517a0c550fe37a648/pyyaml-6.0.3-cp312-cp312-macosx_11_0_arm64.whl", hash = "sha256:fc09d0aa354569bc501d4e787133afc08552722d3ab34836a80547331bb5d4a0", size = 173973, upload-time = "2025-09-25T21:32:12.492Z" },
    { url = "https://files.pythonhosted.org/packages/ed/23/7a778b6bd0b9a8039df8b1b1d80e2e2ad78aa04171592c8a5c43a56a6af4/pyyaml-6.0.3-cp312-cp312-manylinux2014_aarch64.manylinux_2_17_aarch64.manylinux_2_28_aarch64.whl", hash = "sha256:9149cad251584d5fb4981be1ecde53a1ca46c891a79788c0df828d2f166bda28", size = 775116, upload-time = "2025-09-25T21:32:13.652Z" },
    { url = "https://files.pythonhosted.org/packages/65/30/d7353c338e12baef4ecc1b09e877c1970bd3382789c159b4f89d6a70dc09/pyyaml-6.0.3-cp312-cp312-manylinux2014_s390x.manylinux_2_17_s390x.manylinux_2_28_s390x.whl", hash = "sha256:5fdec68f91a0c6739b380c83b951e2c72ac0197ace422360e6d5a959d8d97b2c", size = 844011, upload-time = "2025-09-25T21:32:15.21Z" },
    { url = "https://files.pythonhosted.org/packages/8b/9d/b3589d3877982d4f2329302ef98a8026e7f4443c765c46cfecc8858c6b4b/pyyaml-6.0.3-cp312-cp312-manylinux2014_x86_64.manylinux_2_17_x86_64.manylinux_2_28_x86_64.whl", hash = "sha256:ba1cc08a7ccde2d2ec775841541641e4548226580ab850948cbfda66a1befcdc", size = 807870, upload-time = "2025-09-25T21:32:16.431Z" },
    { url = "https://files.pythonhosted.org/packages/05/c0/b3be26a015601b822b97d9149ff8cb5ead58c66f981e04fedf4e762f4bd4/pyyaml-6.0.3-cp312-cp312-musllinux_1_2_aarch64.whl", hash = "sha256:8dc52c23056b9ddd46818a57b78404882310fb473d63f17b07d5c40421e47f8e", size = 761089, upload-time = "2025-09-25T21:32:17.56Z" },
    { url = "https://files.pythonhosted.org/packages/be/8e/98435a21d1d4b46590d5459a22d88128103f8da4c2d4cb8f14f2a96504e1/pyyaml-6.0.3-cp312-cp312-musllinux_1_2_x86_64.whl", hash = "sha256:41715c910c881bc081f1e8872880d3c650acf13dfa8214bad49ed4cede7c34ea", size = 790181, upload-time = "2025-09-25T21:32:18.834Z" },
    { url = "https://files.pythonhosted.org/packages/74/93/7baea19427dcfbe1e5a372d81473250b379f04b1bd3c4c5ff825e2327202/pyyaml-6.0.3-cp312-cp312-win32.whl", hash = "sha256:96b533f0e99f6579b3d4d4995707cf36df9100d67e0c8303a0c55b27b5f99bc5", size = 137658, upload-time = "2025-09-25T21:32:20.209Z" },
    { url = "https://files.pythonhosted.org/packages/86/bf/899e81e4cce32febab4fb42bb97dcdf66bc135272882d1987881a4b519e9/pyyaml-6.0.3-cp312-cp312-win_amd64.whl", hash = "sha256:5fcd34e47f6e0b794d17de1b4ff496c00986e1c83f7ab2fb8fcfe9616ff7477b", size = 154003, upload-time = "2025-09-25T21:32:21.167Z" },
    { url = "https://files.pythonhosted.org/packages/1a/08/67bd04656199bbb51dbed1439b7f27601dfb576fb864099c7ef0c3e55531/pyyaml-6.0.3-cp312-cp312-win_arm64.whl", hash = "sha256:64386e5e707d03a7e172c0701abfb7e10f0fb753ee1d773128192742712a98fd", size = 140344, upload-time = "2025-09-25T21:32:22.617Z" },
    { url = "https://files.pythonhosted.org/packages/d1/11/0fd08f8192109f7169db964b5707a2f1e8b745d4e239b784a5a1dd80d1db/pyyaml-6.0.3-cp313-cp313-macosx_10_13_x86_64.whl", hash = "sha256:8da9669d359f02c0b91ccc01cac4a67f16afec0dac22c2ad09f46bee0697eba8", size = 181669, upload-time = "2025-09-25T21:32:23.673Z" },
    { url = "https://files.pythonhosted.org/packages/b1/16/95309993f1d3748cd644e02e38b75d50cbc0d9561d21f390a76242ce073f/pyyaml-6.0.3-cp313-cp313-macosx_11_0_arm64.whl", hash = "sha256:2283a07e2c21a2aa78d9c4442724ec1eb15f5e42a723b99cb3d822d48f5f7ad1", size = 173252, upload-time = "2025-09-25T21:32:25.149Z" },
    { url = "https://files.pythonhosted.org/packages/50/31/b20f376d3f810b9b2371e72ef5adb33879b25edb7a6d072cb7ca0c486398/pyyaml-6.0.3-cp313-cp313-manylinux2014_aarch64.manylinux_2_17_aarch64.manylinux_2_28_aarch64.whl", hash = "sha256:ee2922902c45ae8ccada2c5b501ab86c36525b883eff4255313a253a3160861c", size = 767081, upload-time = "2025-09-25T21:32:26.575Z" },
    { url = "https://files.pythonhosted.org/packages/49/1e/a55ca81e949270d5d4432fbbd19dfea5321eda7c41a849d443dc92fd1ff7/pyyaml-6.0.3-cp313-cp313-manylinux2014_s390x.manylinux_2_17_s390x.manylinux_2_28_s390x.whl", hash = "sha256:a33284e20b78bd4a18c8c2282d549d10bc8408a2a7ff57653c0cf0b9be0afce5", size = 841159, upload-time = "2025-09-25T21:32:27.727Z" },
    { url = "https://files.pythonhosted.org/packages/74/27/e5b8f34d02d9995b80abcef563ea1f8b56d20134d8f4e5e81733b1feceb2/pyyaml-6.0.3-cp313-cp313-manylinux2014_x86_64.manylinux_2_17_x86_64.manylinux_2_28_x86_64.whl", hash = "sha256:0f29edc409a6392443abf94b9cf89ce99889a1dd5376d94316ae5145dfedd5d6", size = 801626, upload-time = "2025-09-25T21:32:28.878Z" },
    { url = "https://files.pythonhosted.org/packages/f9/11/ba845c23988798f40e52ba45f34849aa8a1f2d4af4b798588010792ebad6/pyyaml-6.0.3-cp313-cp313-musllinux_1_2_aarch64.whl", hash = "sha256:f7057c9a337546edc7973c0d3ba84ddcdf0daa14533c2065749c9075001090e6", size = 753613, upload-time = "2025-09-25T21:32:30.178Z" },
    { url = "https://files.pythonhosted.org/packages/3d/e0/7966e1a7bfc0a45bf0a7fb6b98ea03fc9b8d84fa7f2229e9659680b69ee3/pyyaml-6.0.3-cp313-cp313-musllinux_1_2_x86_64.whl", hash = "sha256:eda16858a3cab07b80edaf74336ece1f986ba330fdb8ee0d6c0d68fe82bc96be", size = 794115, upload-time = "2025-09-25T21:32:31.353Z" },
    { url = "https://files.pythonhosted.org/packages/de/94/980b50a6531b3019e45ddeada0626d45fa85cbe22300844a7983285bed3b/pyyaml-6.0.3-cp313-cp313-win32.whl", hash = "sha256:d0eae10f8159e8fdad514efdc92d74fd8d682c933a6dd088030f3834bc8e6b26", size = 137427, upload-time = "2025-09-25T21:32:32.58Z" },
    { url = "https://files.pythonhosted.org/packages/97/c9/39d5b874e8b28845e4ec2202b5da735d0199dbe5b8fb85f91398814a9a46/pyyaml-6.0.3-cp313-cp313-win_amd64.whl", hash = "sha256:79005a0d97d5ddabfeeea4cf676af11e647e41d81c9a7722a193022accdb6b7c", size = 154090, upload-time = "2025-09-25T21:32:33.659Z" },
    { url = "https://files.pythonhosted.org/packages/73/e8/2bdf3ca2090f68bb3d75b44da7bbc71843b19c9f2b9cb9b0f4ab7a5a4329/pyyaml-6.0.3-cp313-cp313-win_arm64.whl", hash = "sha256:5498cd1645aa724a7c71c8f378eb29ebe23da2fc0d7a08071d89469bf1d2defb", size = 140246, upload-time = "2025-09-25T21:32:34.663Z" },
    { url = "https://files.pythonhosted.org/packages/9d/8c/f4bd7f6465179953d3ac9bc44ac1a8a3e6122cf8ada906b4f96c60172d43/pyyaml-6.0.3-cp314-cp314-macosx_10_13_x86_64.whl", hash = "sha256:8d1fab6bb153a416f9aeb4b8763bc0f22a5586065f86f7664fc23339fc1c1fac", size = 181814, upload-time = "2025-09-25T21:32:35.712Z" },
    { url = "https://files.pythonhosted.org/packages/bd/9c/4d95bb87eb2063d20db7b60faa3840c1b18025517ae857371c4dd55a6b3a/pyyaml-6.0.3-cp314-cp314-macosx_11_0_arm64.whl", hash = "sha256:34d5fcd24b8445fadc33f9cf348c1047101756fd760b4dacb5c3e99755703310", size = 173809, upload-time = "2025-09-25T21:32:36.789Z" },
    { url = "https://files.pythonhosted.org/packages/92/b5/47e807c2623074914e29dabd16cbbdd4bf5e9b2db9f8090fa64411fc5382/pyyaml-6.0.3-cp314-cp314-manylinux2014_aarch64.manylinux_2_17_aarch64.manylinux_2_28_aarch64.whl", hash = "sha256:501a031947e3a9025ed4405a168e6ef5ae3126c59f90ce0cd6f2bfc477be31b7", size = 766454, upload-time = "2025-09-25T21:32:37.966Z" },
    { url = "https://files.pythonhosted.org/packages/02/9e/e5e9b168be58564121efb3de6859c452fccde0ab093d8438905899a3a483/pyyaml-6.0.3-cp314-cp314-manylinux2014_s390x.manylinux_2_17_s390x.manylinux_2_28_s390x.whl", hash = "sha256:b3bc83488de33889877a0f2543ade9f70c67d66d9ebb4ac959502e12de895788", size = 836355, upload-time = "2025-09-25T21:32:39.178Z" },
    { url = "https://files.pythonhosted.org/packages/88/f9/16491d7ed2a919954993e48aa941b200f38040928474c9e85ea9e64222c3/pyyaml-6.0.3-cp314-cp314-manylinux2014_x86_64.manylinux_2_17_x86_64.manylinux_2_28_x86_64.whl", hash = "sha256:c458b6d084f9b935061bc36216e8a69a7e293a2f1e68bf956dcd9e6cbcd143f5", size = 794175, upload-time = "2025-09-25T21:32:40.865Z" },
    { url = "https://files.pythonhosted.org/packages/dd/3f/5989debef34dc6397317802b527dbbafb2b4760878a53d4166579111411e/pyyaml-6.0.3-cp314-cp314-musllinux_1_2_aarch64.whl", hash = "sha256:7c6610def4f163542a622a73fb39f534f8c101d690126992300bf3207eab9764", size = 755228, upload-time = "2025-09-25T21:32:42.084Z" },
    { url = "https://files.pythonhosted.org/packages/d7/ce/af88a49043cd2e265be63d083fc75b27b6ed062f5f9fd6cdc223ad62f03e/pyyaml-6.0.3-cp314-cp314-musllinux_1_2_x86_64.whl", hash = "sha256:5190d403f121660ce8d1d2c1bb2ef1bd05b5f68533fc5c2ea899bd15f4399b35", size = 789194, upload-time = "2025-09-25T21:32:43.362Z" },
    { url = "https://files.pythonhosted.org/packages/23/20/bb6982b26a40bb43951265ba29d4c246ef0ff59c9fdcdf0ed04e0687de4d/pyyaml-6.0.3-cp314-cp314-win_amd64.whl", hash = "sha256:4a2e8cebe2ff6ab7d1050ecd59c25d4c8bd7e6f400f5f82b96557ac0abafd0ac", size = 156429, upload-time = "2025-09-25T21:32:57.844Z" },
    { url = "https://files.pythonhosted.org/packages/f4/f4/a4541072bb9422c8a883ab55255f918fa378ecf083f5b85e87fc2b4eda1b/pyyaml-6.0.3-cp314-cp314-win_arm64.whl", hash = "sha256:93dda82c9c22deb0a405ea4dc5f2d0cda384168e466364dec6255b293923b2f3", size = 143912, upload-time = "2025-09-25T21:32:59.247Z" },
    { url = "https://files.pythonhosted.org/packages/7c/f9/07dd09ae774e4616edf6cda684ee78f97777bdd15847253637a6f052a62f/pyyaml-6.0.3-cp314-cp314t-macosx_10_13_x86_64.whl", hash = "sha256:02893d100e99e03eda1c8fd5c441d8c60103fd175728e23e431db1b589cf5ab3", size = 189108, upload-time = "2025-09-25T21:32:44.377Z" },
    { url = "https://files.pythonhosted.org/packages/4e/78/8d08c9fb7ce09ad8c38ad533c1191cf27f7ae1effe5bb9400a46d9437fcf/pyyaml-6.0.3-cp314-cp314t-macosx_11_0_arm64.whl", hash = "sha256:c1ff362665ae507275af2853520967820d9124984e0f7466736aea23d8611fba", size = 183641, upload-time = "2025-09-25T21:32:45.407Z" },
    { url = "https://files.pythonhosted.org/packages/7b/5b/3babb19104a46945cf816d047db2788bcaf8c94527a805610b0289a01c6b/pyyaml-6.0.3-cp314-cp314t-manylinux2014_aarch64.manylinux_2_17_aarch64.manylinux_2_28_aarch64.whl", hash = "sha256:6adc77889b628398debc7b65c073bcb99c4a0237b248cacaf3fe8a557563ef6c", size = 831901, upload-time = "2025-09-25T21:32:48.83Z" },
    { url = "https://files.pythonhosted.org/packages/8b/cc/dff0684d8dc44da4d22a13f35f073d558c268780ce3c6ba1b87055bb0b87/pyyaml-6.0.3-cp314-cp314t-manylinux2014_s390x.manylinux_2_17_s390x.manylinux_2_28_s390x.whl", hash = "sha256:a80cb027f6b349846a3bf6d73b5e95e782175e52f22108cfa17876aaeff93702", size = 861132, upload-time = "2025-09-25T21:32:50.149Z" },
    { url = "https://files.pythonhosted.org/packages/b1/5e/f77dc6b9036943e285ba76b49e118d9ea929885becb0a29ba8a7c75e29fe/pyyaml-6.0.3-cp314-cp314t-manylinux2014_x86_64.manylinux_2_17_x86_64.manylinux_2_28_x86_64.whl", hash = "sha256:00c4bdeba853cc34e7dd471f16b4114f4162dc03e6b7afcc2128711f0eca823c", size = 839261, upload-time = "2025-09-25T21:32:51.808Z" },
    { url = "https://files.pythonhosted.org/packages/ce/88/a9db1376aa2a228197c58b37302f284b5617f56a5d959fd1763fb1675ce6/pyyaml-6.0.3-cp314-cp314t-musllinux_1_2_aarch64.whl", hash = "sha256:66e1674c3ef6f541c35191caae2d429b967b99e02040f5ba928632d9a7f0f065", size = 805272, upload-time = "2025-09-25T21:32:52.941Z" },
    { url = "https://files.pythonhosted.org/packages/da/92/1446574745d74df0c92e6aa4a7b0b3130706a4142b2d1a5869f2eaa423c6/pyyaml-6.0.3-cp314-cp314t-musllinux_1_2_x86_64.whl", hash = "sha256:16249ee61e95f858e83976573de0f5b2893b3677ba71c9dd36b9cf8be9ac6d65", size = 829923, upload-time = "2025-09-25T21:32:54.537Z" },
    { url = "https://files.pythonhosted.org/packages/f0/7a/1c7270340330e575b92f397352af856a8c06f230aa3e76f86b39d01b416a/pyyaml-6.0.3-cp314-cp314t-win_amd64.whl", hash = "sha256:4ad1906908f2f5ae4e5a8ddfce73c320c2a1429ec52eafd27138b7f1cbe341c9", size = 174062, upload-time = "2025-09-25T21:32:55.767Z" },
    { url = "https://files.pythonhosted.org/packages/f1/12/de94a39c2ef588c7e6455cfbe7343d3b2dc9d6b6b2f40c4c6565744c873d/pyyaml-6.0.3-cp314-cp314t-win_arm64.whl", hash = "sha256:ebc55a14a21cb14062aa4162f906cd962b28e2e9ea38f9b4391244cd8de4ae0b", size = 149341, upload-time = "2025-09-25T21:32:56.828Z" },
]

[[package]]
name = "ruff"
version = "0.15.4"
source = { registry = "https://pypi.org/simple" }
sdist = { url = "https://files.pythonhosted.org/packages/da/31/d6e536cdebb6568ae75a7f00e4b4819ae0ad2640c3604c305a0428680b0c/ruff-0.15.4.tar.gz", hash = "sha256:3412195319e42d634470cc97aa9803d07e9d5c9223b99bcb1518f0c725f26ae1", size = 4569550, upload-time = "2026-02-26T20:04:14.959Z" }
wheels = [
    { url = "https://files.pythonhosted.org/packages/f2/82/c11a03cfec3a4d26a0ea1e571f0f44be5993b923f905eeddfc397c13d360/ruff-0.15.4-py3-none-linux_armv6l.whl", hash = "sha256:a1810931c41606c686bae8b5b9a8072adac2f611bb433c0ba476acba17a332e0", size = 10453333, upload-time = "2026-02-26T20:04:20.093Z" },
    { url = "https://files.pythonhosted.org/packages/ce/5d/6a1f271f6e31dffb31855996493641edc3eef8077b883eaf007a2f1c2976/ruff-0.15.4-py3-none-macosx_10_12_x86_64.whl", hash = "sha256:5a1632c66672b8b4d3e1d1782859e98d6e0b4e70829530666644286600a33992", size = 10853356, upload-time = "2026-02-26T20:04:05.808Z" },
    { url = "https://files.pythonhosted.org/packages/b1/d8/0fab9f8842b83b1a9c2bf81b85063f65e93fb512e60effa95b0be49bfc54/ruff-0.15.4-py3-none-macosx_11_0_arm64.whl", hash = "sha256:a4386ba2cd6c0f4ff75252845906acc7c7c8e1ac567b7bc3d373686ac8c222ba", size = 10187434, upload-time = "2026-02-26T20:03:54.656Z" },
    { url = "https://files.pythonhosted.org/packages/85/cc/cc220fd9394eff5db8d94dec199eec56dd6c9f3651d8869d024867a91030/ruff-0.15.4-py3-none-manylinux_2_17_aarch64.manylinux2014_aarch64.whl", hash = "sha256:b2496488bdfd3732747558b6f95ae427ff066d1fcd054daf75f5a50674411e75", size = 10535456, upload-time = "2026-02-26T20:03:52.738Z" },
    { url = "https://files.pythonhosted.org/packages/fa/0f/bced38fa5cf24373ec767713c8e4cadc90247f3863605fb030e597878661/ruff-0.15.4-py3-none-manylinux_2_17_armv7l.manylinux2014_armv7l.whl", hash = "sha256:3f1c4893841ff2d54cbda1b2860fa3260173df5ddd7b95d370186f8a5e66a4ac", size = 10287772, upload-time = "2026-02-26T20:04:08.138Z" },
    { url = "https://files.pythonhosted.org/packages/2b/90/58a1802d84fed15f8f281925b21ab3cecd813bde52a8ca033a4de8ab0e7a/ruff-0.15.4-py3-none-manylinux_2_17_i686.manylinux2014_i686.whl", hash = "sha256:820b8766bd65503b6c30aaa6331e8ef3a6e564f7999c844e9a547c40179e440a", size = 11049051, upload-time = "2026-02-26T20:04:03.53Z" },
    { url = "https://files.pythonhosted.org/packages/d2/ac/b7ad36703c35f3866584564dc15f12f91cb1a26a897dc2fd13d7cb3ae1af/ruff-0.15.4-py3-none-manylinux_2_17_ppc64le.manylinux2014_ppc64le.whl", hash = "sha256:c9fb74bab47139c1751f900f857fa503987253c3ef89129b24ed375e72873e85", size = 11890494, upload-time = "2026-02-26T20:04:10.497Z" },
    { url = "https://files.pythonhosted.org/packages/93/3d/3eb2f47a39a8b0da99faf9c54d3eb24720add1e886a5309d4d1be73a6380/ruff-0.15.4-py3-none-manylinux_2_17_s390x.manylinux2014_s390x.whl", hash = "sha256:f80c98765949c518142b3a50a5db89343aa90f2c2bf7799de9986498ae6176db", size = 11326221, upload-time = "2026-02-26T20:04:12.84Z" },
    { url = "https://files.pythonhosted.org/packages/ff/90/bf134f4c1e5243e62690e09d63c55df948a74084c8ac3e48a88468314da6/ruff-0.15.4-py3-none-manylinux_2_17_x86_64.manylinux2014_x86_64.whl", hash = "sha256:451a2e224151729b3b6c9ffb36aed9091b2996fe4bdbd11f47e27d8f2e8888ec", size = 11168459, upload-time = "2026-02-26T20:04:00.969Z" },
    { url = "https://files.pythonhosted.org/packages/b5/e5/a64d27688789b06b5d55162aafc32059bb8c989c61a5139a36e1368285eb/ruff-0.15.4-py3-none-manylinux_2_31_riscv64.whl", hash = "sha256:a8f157f2e583c513c4f5f896163a93198297371f34c04220daf40d133fdd4f7f", size = 11104366, upload-time = "2026-02-26T20:03:48.099Z" },
    { url = "https://files.pythonhosted.org/packages/f1/f6/32d1dcb66a2559763fc3027bdd65836cad9eb09d90f2ed6a63d8e9252b02/ruff-0.15.4-py3-none-musllinux_1_2_aarch64.whl", hash = "sha256:917cc68503357021f541e69b35361c99387cdbbf99bd0ea4aa6f28ca99ff5338", size = 10510887, upload-time = "2026-02-26T20:03:45.771Z" },
    { url = "https://files.pythonhosted.org/packages/ff/92/22d1ced50971c5b6433aed166fcef8c9343f567a94cf2b9d9089f6aa80fe/ruff-0.15.4-py3-none-musllinux_1_2_armv7l.whl", hash = "sha256:e9737c8161da79fd7cfec19f1e35620375bd8b2a50c3e77fa3d2c16f574105cc", size = 10285939, upload-time = "2026-02-26T20:04:22.42Z" },
    { url = "https://files.pythonhosted.org/packages/e6/f4/7c20aec3143837641a02509a4668fb146a642fd1211846634edc17eb5563/ruff-0.15.4-py3-none-musllinux_1_2_i686.whl", hash = "sha256:291258c917539e18f6ba40482fe31d6f5ac023994ee11d7bdafd716f2aab8a68", size = 10765471, upload-time = "2026-02-26T20:03:58.924Z" },
    { url = "https://files.pythonhosted.org/packages/d0/09/6d2f7586f09a16120aebdff8f64d962d7c4348313c77ebb29c566cefc357/ruff-0.15.4-py3-none-musllinux_1_2_x86_64.whl", hash = "sha256:3f83c45911da6f2cd5936c436cf86b9f09f09165f033a99dcf7477e34041cbc3", size = 11263382, upload-time = "2026-02-26T20:04:24.424Z" },
    { url = "https://files.pythonhosted.org/packages/1b/fa/2ef715a1cd329ef47c1a050e10dee91a9054b7ce2fcfdd6a06d139afb7ec/ruff-0.15.4-py3-none-win32.whl", hash = "sha256:65594a2d557d4ee9f02834fcdf0a28daa8b3b9f6cb2cb93846025a36db47ef22", size = 10506664, upload-time = "2026-02-26T20:03:50.56Z" },
    { url = "https://files.pythonhosted.org/packages/d0/a8/c688ef7e29983976820d18710f955751d9f4d4eb69df658af3d006e2ba3e/ruff-0.15.4-py3-none-win_amd64.whl", hash = "sha256:04196ad44f0df220c2ece5b0e959c2f37c777375ec744397d21d15b50a75264f", size = 11651048, upload-time = "2026-02-26T20:04:17.191Z" },
    { url = "https://files.pythonhosted.org/packages/3e/0a/9e1be9035b37448ce2e68c978f0591da94389ade5a5abafa4cf99985d1b2/ruff-0.15.4-py3-none-win_arm64.whl", hash = "sha256:60d5177e8cfc70e51b9c5fad936c634872a74209f934c1e79107d11787ad5453", size = 10966776, upload-time = "2026-02-26T20:03:56.908Z" },
]

[[package]]
name = "sentry-sdk"
version = "2.53.0"
source = { registry = "https://pypi.org/simple" }
dependencies = [
    { name = "certifi" },
    { name = "urllib3" },
]
sdist = { url = "https://files.pythonhosted.org/packages/d3/06/66c8b705179bc54087845f28fd1b72f83751b6e9a195628e2e9af9926505/sentry_sdk-2.53.0.tar.gz", hash = "sha256:6520ef2c4acd823f28efc55e43eb6ce2e6d9f954a95a3aa96b6fd14871e92b77", size = 412369, upload-time = "2026-02-16T11:11:14.743Z" }
wheels = [
    { url = "https://files.pythonhosted.org/packages/47/d4/2fdf854bc3b9c7f55219678f812600a20a138af2dd847d99004994eada8f/sentry_sdk-2.53.0-py2.py3-none-any.whl", hash = "sha256:46e1ed8d84355ae54406c924f6b290c3d61f4048625989a723fd622aab838899", size = 437908, upload-time = "2026-02-16T11:11:13.227Z" },
]

[[package]]
name = "sqlitedict"
version = "2.1.0"
source = { registry = "https://pypi.org/simple" }
sdist = { url = "https://files.pythonhosted.org/packages/12/9a/7620d1e9dcb02839ed6d4b14064e609cdd7a8ae1e47289aa0456796dd9ca/sqlitedict-2.1.0.tar.gz", hash = "sha256:03d9cfb96d602996f1d4c2db2856f1224b96a9c431bdd16e78032a72940f9e8c", size = 21846, upload-time = "2022-12-03T13:39:13.102Z" }

[[package]]
name = "sticker-captcha-bot"
version = "0.1.0"
source = { virtual = "." }
dependencies = [
    { name = "apscheduler" },
    { name = "cashews" },
    { name = "coloredlogs" },
    { name = "pyrogram" },
    { name = "pyrotgcrypto" },
    { name = "pytz" },
    { name = "pyyaml" },
    { name = "sentry-sdk" },
    { name = "sqlitedict" },
]

[package.dev-dependencies]
dev = [
    { name = "ruff" },
]

[package.metadata]
requires-dist = [
    { name = "apscheduler", specifier = ">=3.11.0" },
    { name = "cashews", specifier = ">=7.4.2" },
    { name = "coloredlogs", specifier = ">=15.0.1" },
    { name = "pyrogram", git = "https://github.com/TeamPGM/pyrogram" },
    { name = "pyrotgcrypto", specifier = ">=1.2.7" },
    { name = "pytz", specifier = ">=2025.2" },
    { name = "pyyaml", specifier = ">=6.0.3" },
    { name = "sentry-sdk", specifier = ">=2.53.0" },
    { name = "sqlitedict", specifier = ">=2.1.0" },
]

[package.metadata.requires-dev]
dev = [{ name = "ruff", specifier = ">=0.14.0" }]

[[package]]
name = "tzdata"
version = "2025.3"
source = { registry = "https://pypi.org/simple" }
sdist = { url = "https://files.pythonhosted.org/packages/5e/a7/c202b344c5ca7daf398f3b8a477eeb205cf3b6f32e7ec3a6bac0629ca975/tzdata-2025.3.tar.gz", hash = "sha256:de39c2ca5dc7b0344f2eba86f49d614019d29f060fc4ebc8a417896a620b56a7", size = 196772, upload-time = "2025-12-13T17:45:35.667Z" }
wheels = [
    { url = "https://files.pythonhosted.org/packages/c7/b0/003792df09decd6849a5e39c28b513c06e84436a54440380862b5aeff25d/tzdata-2025.3-py2.py3-none-any.whl", hash = "sha256:06a47e5700f3081aab02b2e513160914ff0694bce9947d6b76ebd6bf57cfc5d1", size = 348521, upload-time = "2025-12-13T17:45:33.889Z" },
]

[[package]]
name = "tzlocal"
version = "5.3.1"
source = { registry = "https://pypi.org/simple" }
dependencies = [
    { name = "tzdata", marker = "sys_platform == 'win32'" },
]
sdist = { url = "https://files.pythonhosted.org/packages/8b/2e/c14812d3d4d9cd1773c6be938f89e5735a1f11a9f184ac3639b93cef35d5/tzlocal-5.3.1.tar.gz", hash = "sha256:cceffc7edecefea1f595541dbd6e990cb1ea3d19bf01b2809f362a03dd7921fd", size = 30761, upload-time = "2025-03-05T21:17:41.549Z" }
wheels = [
    { url = "https://files.pythonhosted.org/packages/c2/14/e2a54fabd4f08cd7af1c07030603c3356b74da07f7cc056e600436edfa17/tzlocal-5.3.1-py3-none-any.whl", hash = "sha256:eb1a66c3ef5847adf7a834f1be0800581b683b5608e74f86ecbcef8ab91bb85d", size = 18026, upload-time = "2025-03-05T21:17:39.857Z" },
]

[[package]]
name = "urllib3"
version = "2.6.3"
source = { registry = "https://pypi.org/simple" }
sdist = { url = "https://files.pythonhosted.org/packages/c7/24/5f1b3bdffd70275f6661c76461e25f024d5a38a46f04aaca912426a2b1d3/urllib3-2.6.3.tar.gz", hash = "sha256:1b62b6884944a57dbe321509ab94fd4d3b307075e0c2eae991ac71ee15ad38ed", size = 435556, upload-time = "2026-01-07T16:24:43.925Z" }
wheels = [
    { url = "https://files.pythonhosted.org/packages/39/08/aaaad47bc4e9dc8c725e68f9d04865dbcb2052843ff09c97b08904852d84/urllib3-2.6.3-py3-none-any.whl", hash = "sha256:bf272323e553dfb2e87d9bfd225ca7b0f467b919d7bbd355436d3fd37cb0acd4", size = 131584, upload-time = "2026-01-07T16:24:42.685Z" },
]
